
Microsoft Visual Studio Solution File, Format Version 11.00
# Visual Studio 2010
Project("{FAE04EC0-301F-11D3-BF4B-00C04F79EFBC}") = "huangDaoQiuSheng", "Assembly-CSharp-firstpass.csproj", "{1F24290F-604D-FE0F-CF10-5193D096C60E}"
EndProject
Project("{FAE04EC0-301F-11D3-BF4B-00C04F79EFBC}") = "huangDaoQiuSheng", "Assembly-CSharp.csproj", "{E75ABE70-5DDE-DF75-96A1-CC0142F8CDD3}"
EndProject
Project("{FAE04EC0-301F-11D3-BF4B-00C04F79EFBC}") = "huangDaoQiuSheng", "Assembly-CSharp-Editor.csproj", "{D2AB69BC-D417-EC8D-B7BE-97901EBA25FD}"
EndProject
Global
	GlobalSection(SolutionConfigurationPlatforms) = preSolution
		Debug|Any CPU = Debug|Any CPU
		Release|Any CPU = Release|Any CPU
	EndGlobalSection
	GlobalSection(ProjectConfigurationPlatforms) = postSolution
		{1F24290F-604D-FE0F-CF10-5193D096C60E}.Debug|Any CPU.ActiveCfg = Debug|Any CPU
		{1F24290F-604D-FE0F-CF10-5193D096C60E}.Debug|Any CPU.Build.0 = Debug|Any CPU
		{1F24290F-604D-FE0F-CF10-5193D096C60E}.Release|Any CPU.ActiveCfg = Release|Any CPU
		{1F24290F-604D-FE0F-CF10-5193D096C60E}.Release|Any CPU.Build.0 = Release|Any CPU
		{E75ABE70-5DDE-DF75-96A1-CC0142F8CDD3}.Debug|Any CPU.ActiveCfg = Debug|Any CPU
		{E75ABE70-5DDE-DF75-96A1-CC0142F8CDD3}.Debug|Any CPU.Build.0 = Debug|Any CPU
		{E75ABE70-5DDE-DF75-96A1-CC0142F8CDD3}.Release|Any CPU.ActiveCfg = Release|Any CPU
		{E75ABE70-5DDE-DF75-96A1-CC0142F8CDD3}.Release|Any CPU.Build.0 = Release|Any CPU
		{D2AB69BC-D417-EC8D-B7BE-97901EBA25FD}.Debug|Any CPU.ActiveCfg = Debug|Any CPU
		{D2AB69BC-D417-EC8D-B7BE-97901EBA25FD}.Debug|Any CPU.Build.0 = Debug|Any CPU
		{D2AB69BC-D417-EC8D-B7BE-97901EBA25FD}.Release|Any CPU.ActiveCfg = Release|Any CPU
		{D2AB69BC-D417-EC8D-B7BE-97901EBA25FD}.Release|Any CPU.Build.0 = Release|Any CPU
	EndGlobalSection
	GlobalSection(SolutionProperties) = preSolution
		HideSolutionNode = FALSE
	EndGlobalSection
	GlobalSection(MonoDevelopProperties) = preSolution
		StartupItem = Assembly-CSharp.csproj
	EndGlobalSection
EndGlobal
